
Microsoft Visual Studio Solution File, Format Version 12.00
# Visual Studio Version 16
VisualStudioVersion = 16.0.31129.286
MinimumVisualStudioVersion = 10.0.40219.1
Project("{9A19103F-16F7-4668-BE54-9A1E7A4F7556}") = "KuCoinTradeBot", "KuCoinTradeBot\KuCoinTradeBot.csproj", "{EB12EB8D-EAAD-4318-AF1B-7732DEE88BFC}"
EndProject
Global
	GlobalSection(SolutionConfigurationPlatforms) = preSolution
		Debug|Any CPU = Debug|Any CPU
		Release|Any CPU = Release|Any CPU
	EndGlobalSection
	GlobalSection(ProjectConfigurationPlatforms) = postSolution
		{EB12EB8D-EAAD-4318-AF1B-7732DEE88BFC}.Debug|Any CPU.ActiveCfg = Debug|Any CPU
		{EB12EB8D-EAAD-4318-AF1B-7732DEE88BFC}.Debug|Any CPU.Build.0 = Debug|Any CPU
		{EB12EB8D-EAAD-4318-AF1B-7732DEE88BFC}.Release|Any CPU.ActiveCfg = Release|Any CPU
		{EB12EB8D-EAAD-4318-AF1B-7732DEE88BFC}.Release|Any CPU.Build.0 = Release|Any CPU
	EndGlobalSection
	GlobalSection(SolutionProperties) = preSolution
		HideSolutionNode = FALSE
	EndGlobalSection
	GlobalSection(ExtensibilityGlobals) = postSolution
		SolutionGuid = {BF525DA5-59F3-4FAA-98EF-DF81736DF468}
	EndGlobalSection
EndGlobal
